
Microsoft Visual Studio Solution File, Format Version 12.00
# Visual Studio Version 16
VisualStudioVersion = 16.0.29306.81
MinimumVisualStudioVersion = 10.0.40219.1
Project("{FAE04EC0-301F-11D3-BF4B-00C04F79EFBC}") = "Shop", "Shop\Shop.csproj", "{758203CA-A253-4B05-B17F-0AFD6F5EE411}"
EndProject
Global
	GlobalSection(SolutionConfigurationPlatforms) = preSolution
		Debug|Any CPU = Debug|Any CPU
		Release|Any CPU = Release|Any CPU
	EndGlobalSection
	GlobalSection(ProjectConfigurationPlatforms) = postSolution
		{758203CA-A253-4B05-B17F-0AFD6F5EE411}.Debug|Any CPU.ActiveCfg = Debug|Any CPU
		{758203CA-A253-4B05-B17F-0AFD6F5EE411}.Debug|Any CPU.Build.0 = Debug|Any CPU
		{758203CA-A253-4B05-B17F-0AFD6F5EE411}.Release|Any CPU.ActiveCfg = Release|Any CPU
		{758203CA-A253-4B05-B17F-0AFD6F5EE411}.Release|Any CPU.Build.0 = Release|Any CPU
	EndGlobalSection
	GlobalSection(SolutionProperties) = preSolution
		HideSolutionNode = FALSE
	EndGlobalSection
	GlobalSection(ExtensibilityGlobals) = postSolution
		SolutionGuid = {706B399B-54B7-4075-ADD1-00F0BDDA603F}
	EndGlobalSection
EndGlobal
